
Microsoft Visual Studio Solution File, Format Version 12.00
# Visual Studio 15
VisualStudioVersion = 15.0.26730.12
MinimumVisualStudioVersion = 10.0.40219.1
Project("{FAE04EC0-301F-11D3-BF4B-00C04F79EFBC}") = "Retro Catepillar", "Retro Catepillar.csproj", "{CDC3EF9C-012A-AEBF-37FA-FB258D84B150}"
EndProject
Project("{FAE04EC0-301F-11D3-BF4B-00C04F79EFBC}") = "Retro Catepillar.Editor", "Retro Catepillar.Editor.csproj", "{9EA8AFFF-49D5-709E-D8C9-E2C939C908A6}"
EndProject
Global
	GlobalSection(SolutionConfigurationPlatforms) = preSolution
		Debug|Any CPU = Debug|Any CPU
		Release|Any CPU = Release|Any CPU
	EndGlobalSection
	GlobalSection(ProjectConfigurationPlatforms) = postSolution
		{CDC3EF9C-012A-AEBF-37FA-FB258D84B150}.Debug|Any CPU.ActiveCfg = Debug|Any CPU
		{CDC3EF9C-012A-AEBF-37FA-FB258D84B150}.Debug|Any CPU.Build.0 = Debug|Any CPU
		{CDC3EF9C-012A-AEBF-37FA-FB258D84B150}.Release|Any CPU.ActiveCfg = Release|Any CPU
		{CDC3EF9C-012A-AEBF-37FA-FB258D84B150}.Release|Any CPU.Build.0 = Release|Any CPU
		{9EA8AFFF-49D5-709E-D8C9-E2C939C908A6}.Debug|Any CPU.ActiveCfg = Debug|Any CPU
		{9EA8AFFF-49D5-709E-D8C9-E2C939C908A6}.Debug|Any CPU.Build.0 = Debug|Any CPU
		{9EA8AFFF-49D5-709E-D8C9-E2C939C908A6}.Release|Any CPU.ActiveCfg = Release|Any CPU
		{9EA8AFFF-49D5-709E-D8C9-E2C939C908A6}.Release|Any CPU.Build.0 = Release|Any CPU
	EndGlobalSection
	GlobalSection(SolutionProperties) = preSolution
		HideSolutionNode = FALSE
	EndGlobalSection
	GlobalSection(ExtensibilityGlobals) = postSolution
		SolutionGuid = {D5604F23-9CAC-4493-894D-184AFB6A5DE2}
	EndGlobalSection
EndGlobal
